
Microsoft Visual Studio Solution File, Format Version 11.00
# Visual Studio 2010
Project("{8BC9CEB8-8B4A-11D0-8D11-00A0C91BC942}") = "SaveLoader_gta3vcsa", "SaveLoader_gta3vcsa\SaveLoader_gta3vcsa.vcxproj", "{13AE5318-AFF0-42B9-8C98-B7D0707EEF7A}"
EndProject
Global
	GlobalSection(SolutionConfigurationPlatforms) = preSolution
		Debug|Win32 = Debug|Win32
		Release|Win32 = Release|Win32
	EndGlobalSection
	GlobalSection(ProjectConfigurationPlatforms) = postSolution
		{13AE5318-AFF0-42B9-8C98-B7D0707EEF7A}.Debug|Win32.ActiveCfg = Debug|Win32
		{13AE5318-AFF0-42B9-8C98-B7D0707EEF7A}.Debug|Win32.Build.0 = Debug|Win32
		{13AE5318-AFF0-42B9-8C98-B7D0707EEF7A}.Release|Win32.ActiveCfg = Release|Win32
		{13AE5318-AFF0-42B9-8C98-B7D0707EEF7A}.Release|Win32.Build.0 = Release|Win32
	EndGlobalSection
	GlobalSection(SolutionProperties) = preSolution
		HideSolutionNode = FALSE
	EndGlobalSection
EndGlobal
